PODS:
  - degpeg-b2c-sdk-ios (0.1.0)

DEPENDENCIES:
  - degpeg-b2c-sdk-ios (from `../`)

EXTERNAL SOURCES:
  degpeg-b2c-sdk-ios:
    :path: "../"

SPEC CHECKSUMS:
  degpeg-b2c-sdk-ios: 5666abeed7e73930c2c8691a8b6ce78f97b3ee2d

PODFILE CHECKSUM: db88960523e490c5dd853fc29c38bd5067247780

COCOAPODS: 1.10.0
